
Microsoft Visual Studio Solution File, Format Version 12.00
# Visual Studio Version 16
VisualStudioVersion = 16.0.30406.217
MinimumVisualStudioVersion = 10.0.40219.1
Project("{00D1A9C2-B5F0-4AF3-8072-F6C62B433612}") = "PRMData", "PRMData\PRMData.sqlproj", "{E3887305-D8C3-43E5-9FBE-1AC863485ACA}"
EndProject
Project("{FAE04EC0-301F-11D3-BF4B-00C04F79EFBC}") = "PRMDesktopUI", "PRMDesktopUI\PRMDesktopUI.csproj", "{9438301B-E2FF-4478-ADA8-B42D5EA6E786}"
EndProject
Project("{9A19103F-16F7-4668-BE54-9A1E7A4F7556}") = "PRMDataManager.Library", "PRMDataManager.Library\PRMDataManager.Library.csproj", "{A7FA107A-B483-4951-B8A0-E78CACC4D114}"
EndProject
Project("{9A19103F-16F7-4668-BE54-9A1E7A4F7556}") = "PRMDesktopUI.Library", "PRMDesktopUI.Library\PRMDesktopUI.Library.csproj", "{A0715AC6-9176-4061-9D02-462C67446193}"
EndProject
Project("{2150E333-8FDC-42A3-9474-1A3956D46DE8}") = "API", "API", "{8DBC6916-FAA3-426A-8E30-16FBB33A307C}"
EndProject
Project("{2150E333-8FDC-42A3-9474-1A3956D46DE8}") = "Database", "Database", "{3CF89B15-1F56-470B-952C-5199ACFC5C07}"
EndProject
Project("{2150E333-8FDC-42A3-9474-1A3956D46DE8}") = "WPF", "WPF", "{AE15A826-77BE-4F31-AABB-F83F171DEA20}"
EndProject
Project("{9A19103F-16F7-4668-BE54-9A1E7A4F7556}") = "PRMApi", "PRMApi\PRMApi.csproj", "{87DFB4F8-FC04-4D5A-BACD-DC9AFDA9E9D8}"
EndProject
Project("{2150E333-8FDC-42A3-9474-1A3956D46DE8}") = "Solution Items", "Solution Items", "{B5F54B42-8ACD-4EC5-B2E6-7C5E33F39D5F}"
	ProjectSection(SolutionItems) = preProject
		RoadMap.txt = RoadMap.txt
	EndProjectSection
EndProject
Global
	GlobalSection(SolutionConfigurationPlatforms) = preSolution
		Debug|Any CPU = Debug|Any CPU
		Release|Any CPU = Release|Any CPU
	EndGlobalSection
	GlobalSection(ProjectConfigurationPlatforms) = postSolution
		{E3887305-D8C3-43E5-9FBE-1AC863485ACA}.Debug|Any CPU.ActiveCfg = Debug|Any CPU
		{E3887305-D8C3-43E5-9FBE-1AC863485ACA}.Debug|Any CPU.Build.0 = Debug|Any CPU
		{E3887305-D8C3-43E5-9FBE-1AC863485ACA}.Debug|Any CPU.Deploy.0 = Debug|Any CPU
		{E3887305-D8C3-43E5-9FBE-1AC863485ACA}.Release|Any CPU.ActiveCfg = Release|Any CPU
		{E3887305-D8C3-43E5-9FBE-1AC863485ACA}.Release|Any CPU.Build.0 = Release|Any CPU
		{E3887305-D8C3-43E5-9FBE-1AC863485ACA}.Release|Any CPU.Deploy.0 = Release|Any CPU
		{9438301B-E2FF-4478-ADA8-B42D5EA6E786}.Debug|Any CPU.ActiveCfg = Debug|Any CPU
		{9438301B-E2FF-4478-ADA8-B42D5EA6E786}.Debug|Any CPU.Build.0 = Debug|Any CPU
		{9438301B-E2FF-4478-ADA8-B42D5EA6E786}.Release|Any CPU.ActiveCfg = Release|Any CPU
		{9438301B-E2FF-4478-ADA8-B42D5EA6E786}.Release|Any CPU.Build.0 = Release|Any CPU
		{A7FA107A-B483-4951-B8A0-E78CACC4D114}.Debug|Any CPU.ActiveCfg = Debug|Any CPU
		{A7FA107A-B483-4951-B8A0-E78CACC4D114}.Debug|Any CPU.Build.0 = Debug|Any CPU
		{A7FA107A-B483-4951-B8A0-E78CACC4D114}.Release|Any CPU.ActiveCfg = Release|Any CPU
		{A7FA107A-B483-4951-B8A0-E78CACC4D114}.Release|Any CPU.Build.0 = Release|Any CPU
		{A0715AC6-9176-4061-9D02-462C67446193}.Debug|Any CPU.ActiveCfg = Debug|Any CPU
		{A0715AC6-9176-4061-9D02-462C67446193}.Debug|Any CPU.Build.0 = Debug|Any CPU
		{A0715AC6-9176-4061-9D02-462C67446193}.Release|Any CPU.ActiveCfg = Release|Any CPU
		{A0715AC6-9176-4061-9D02-462C67446193}.Release|Any CPU.Build.0 = Release|Any CPU
		{87DFB4F8-FC04-4D5A-BACD-DC9AFDA9E9D8}.Debug|Any CPU.ActiveCfg = Debug|Any CPU
		{87DFB4F8-FC04-4D5A-BACD-DC9AFDA9E9D8}.Debug|Any CPU.Build.0 = Debug|Any CPU
		{87DFB4F8-FC04-4D5A-BACD-DC9AFDA9E9D8}.Release|Any CPU.ActiveCfg = Release|Any CPU
		{87DFB4F8-FC04-4D5A-BACD-DC9AFDA9E9D8}.Release|Any CPU.Build.0 = Release|Any CPU
	EndGlobalSection
	GlobalSection(SolutionProperties) = preSolution
		HideSolutionNode = FALSE
	EndGlobalSection
	GlobalSection(NestedProjects) = preSolution
		{E3887305-D8C3-43E5-9FBE-1AC863485ACA} = {3CF89B15-1F56-470B-952C-5199ACFC5C07}
		{9438301B-E2FF-4478-ADA8-B42D5EA6E786} = {AE15A826-77BE-4F31-AABB-F83F171DEA20}
		{A7FA107A-B483-4951-B8A0-E78CACC4D114} = {8DBC6916-FAA3-426A-8E30-16FBB33A307C}
		{A0715AC6-9176-4061-9D02-462C67446193} = {AE15A826-77BE-4F31-AABB-F83F171DEA20}
		{87DFB4F8-FC04-4D5A-BACD-DC9AFDA9E9D8} = {8DBC6916-FAA3-426A-8E30-16FBB33A307C}
	EndGlobalSection
	GlobalSection(ExtensibilityGlobals) = postSolution
		SolutionGuid = {289C1B06-529C-4CF1-A12C-D8A997D729F5}
	EndGlobalSection
EndGlobal
