
Microsoft Visual Studio Solution File, Format Version 12.00
# Visual Studio Version 16
VisualStudioVersion = 16.0.30406.217
MinimumVisualStudioVersion = 10.0.40219.1
Project("{FAE04EC0-301F-11D3-BF4B-00C04F79EFBC}") = "PRMDataManager", "PRMDataManager\PRMDataManager.csproj", "{D8E39313-3BA2-4FC5-AA36-E090E0295030}"
EndProject
Project("{00D1A9C2-B5F0-4AF3-8072-F6C62B433612}") = "PRMData", "PRMData\PRMData.sqlproj", "{E3887305-D8C3-43E5-9FBE-1AC863485ACA}"
EndProject
Project("{FAE04EC0-301F-11D3-BF4B-00C04F79EFBC}") = "PRMDesktopUI", "PRMDesktopUI\PRMDesktopUI.csproj", "{9438301B-E2FF-4478-ADA8-B42D5EA6E786}"
EndProject
Project("{FAE04EC0-301F-11D3-BF4B-00C04F79EFBC}") = "PRMDataManager.Library", "PRMDataManager.Library\PRMDataManager.Library.csproj", "{A7FA107A-B483-4951-B8A0-E78CACC4D114}"
EndProject
Project("{FAE04EC0-301F-11D3-BF4B-00C04F79EFBC}") = "PRMDesktopUI.Library", "PRMDesktopUI.Library\PRMDesktopUI.Library.csproj", "{A0715AC6-9176-4061-9D02-462C67446193}"
EndProject
Project("{2150E333-8FDC-42A3-9474-1A3956D46DE8}") = "API", "API", "{8DBC6916-FAA3-426A-8E30-16FBB33A307C}"
EndProject
Project("{2150E333-8FDC-42A3-9474-1A3956D46DE8}") = "Database", "Database", "{3CF89B15-1F56-470B-952C-5199ACFC5C07}"
EndProject
Project("{2150E333-8FDC-42A3-9474-1A3956D46DE8}") = "WPF", "WPF", "{AE15A826-77BE-4F31-AABB-F83F171DEA20}"
EndProject
Project("{FAE04EC0-301F-11D3-BF4B-00C04F79EFBC}") = "DataProjectManager", "DataProjectManager\DataProjectManager.csproj", "{D001E7F8-5B4A-442B-B245-A79FF87A9A1D}"
EndProject
Global
	GlobalSection(SolutionConfigurationPlatforms) = preSolution
		Debug|Any CPU = Debug|Any CPU
		Release|Any CPU = Release|Any CPU
	EndGlobalSection
	GlobalSection(ProjectConfigurationPlatforms) = postSolution
		{D8E39313-3BA2-4FC5-AA36-E090E0295030}.Debug|Any CPU.ActiveCfg = Debug|Any CPU
		{D8E39313-3BA2-4FC5-AA36-E090E0295030}.Debug|Any CPU.Build.0 = Debug|Any CPU
		{D8E39313-3BA2-4FC5-AA36-E090E0295030}.Release|Any CPU.ActiveCfg = Release|Any CPU
		{D8E39313-3BA2-4FC5-AA36-E090E0295030}.Release|Any CPU.Build.0 = Release|Any CPU
		{E3887305-D8C3-43E5-9FBE-1AC863485ACA}.Debug|Any CPU.ActiveCfg = Debug|Any CPU
		{E3887305-D8C3-43E5-9FBE-1AC863485ACA}.Debug|Any CPU.Build.0 = Debug|Any CPU
		{E3887305-D8C3-43E5-9FBE-1AC863485ACA}.Debug|Any CPU.Deploy.0 = Debug|Any CPU
		{E3887305-D8C3-43E5-9FBE-1AC863485ACA}.Release|Any CPU.ActiveCfg = Release|Any CPU
		{E3887305-D8C3-43E5-9FBE-1AC863485ACA}.Release|Any CPU.Build.0 = Release|Any CPU
		{E3887305-D8C3-43E5-9FBE-1AC863485ACA}.Release|Any CPU.Deploy.0 = Release|Any CPU
		{9438301B-E2FF-4478-ADA8-B42D5EA6E786}.Debug|Any CPU.ActiveCfg = Debug|Any CPU
		{9438301B-E2FF-4478-ADA8-B42D5EA6E786}.Debug|Any CPU.Build.0 = Debug|Any CPU
		{9438301B-E2FF-4478-ADA8-B42D5EA6E786}.Release|Any CPU.ActiveCfg = Release|Any CPU
		{9438301B-E2FF-4478-ADA8-B42D5EA6E786}.Release|Any CPU.Build.0 = Release|Any CPU
		{A7FA107A-B483-4951-B8A0-E78CACC4D114}.Debug|Any CPU.ActiveCfg = Debug|Any CPU
		{A7FA107A-B483-4951-B8A0-E78CACC4D114}.Debug|Any CPU.Build.0 = Debug|Any CPU
		{A7FA107A-B483-4951-B8A0-E78CACC4D114}.Release|Any CPU.ActiveCfg = Release|Any CPU
		{A7FA107A-B483-4951-B8A0-E78CACC4D114}.Release|Any CPU.Build.0 = Release|Any CPU
		{A0715AC6-9176-4061-9D02-462C67446193}.Debug|Any CPU.ActiveCfg = Debug|Any CPU
		{A0715AC6-9176-4061-9D02-462C67446193}.Debug|Any CPU.Build.0 = Debug|Any CPU
		{A0715AC6-9176-4061-9D02-462C67446193}.Release|Any CPU.ActiveCfg = Release|Any CPU
		{A0715AC6-9176-4061-9D02-462C67446193}.Release|Any CPU.Build.0 = Release|Any CPU
		{D001E7F8-5B4A-442B-B245-A79FF87A9A1D}.Debug|Any CPU.ActiveCfg = Debug|Any CPU
		{D001E7F8-5B4A-442B-B245-A79FF87A9A1D}.Debug|Any CPU.Build.0 = Debug|Any CPU
		{D001E7F8-5B4A-442B-B245-A79FF87A9A1D}.Release|Any CPU.ActiveCfg = Release|Any CPU
		{D001E7F8-5B4A-442B-B245-A79FF87A9A1D}.Release|Any CPU.Build.0 = Release|Any CPU
	EndGlobalSection
	GlobalSection(SolutionProperties) = preSolution
		HideSolutionNode = FALSE
	EndGlobalSection
	GlobalSection(NestedProjects) = preSolution
		{D8E39313-3BA2-4FC5-AA36-E090E0295030} = {8DBC6916-FAA3-426A-8E30-16FBB33A307C}
		{E3887305-D8C3-43E5-9FBE-1AC863485ACA} = {3CF89B15-1F56-470B-952C-5199ACFC5C07}
		{9438301B-E2FF-4478-ADA8-B42D5EA6E786} = {AE15A826-77BE-4F31-AABB-F83F171DEA20}
		{A7FA107A-B483-4951-B8A0-E78CACC4D114} = {8DBC6916-FAA3-426A-8E30-16FBB33A307C}
		{A0715AC6-9176-4061-9D02-462C67446193} = {AE15A826-77BE-4F31-AABB-F83F171DEA20}
	EndGlobalSection
	GlobalSection(ExtensibilityGlobals) = postSolution
		SolutionGuid = {289C1B06-529C-4CF1-A12C-D8A997D729F5}
	EndGlobalSection
EndGlobal
